
Microsoft Visual Studio Solution File, Format Version 12.00
# Visual Studio Version 16
VisualStudioVersion = 16.0.29728.190
MinimumVisualStudioVersion = 10.0.40219.1
Project("{9A19103F-16F7-4668-BE54-9A1E7A4F7556}") = "RobotApp.BLL", "RobotApp.BLL\RobotApp.BLL.csproj", "{E43F6DDF-D37F-4ED2-8685-B109882B4397}"
EndProject
Project("{9A19103F-16F7-4668-BE54-9A1E7A4F7556}") = "RobotApp", "RobotApp\RobotApp.csproj", "{56490E76-F743-4FB8-B2A1-BC233C8E658C}"
EndProject
Project("{FAE04EC0-301F-11D3-BF4B-00C04F79EFBC}") = "RobotApp.BLL.Abstraction", "RobotApp.BLL.Abstraction\RobotApp.BLL.Abstraction.csproj", "{665FAAE0-AD41-412D-A776-5AAA9E8E3711}"
EndProject
Global
	GlobalSection(SolutionConfigurationPlatforms) = preSolution
		Debug|Any CPU = Debug|Any CPU
		Release|Any CPU = Release|Any CPU
	EndGlobalSection
	GlobalSection(ProjectConfigurationPlatforms) = postSolution
		{E43F6DDF-D37F-4ED2-8685-B109882B4397}.Debug|Any CPU.ActiveCfg = Debug|Any CPU
		{E43F6DDF-D37F-4ED2-8685-B109882B4397}.Debug|Any CPU.Build.0 = Debug|Any CPU
		{E43F6DDF-D37F-4ED2-8685-B109882B4397}.Release|Any CPU.ActiveCfg = Release|Any CPU
		{E43F6DDF-D37F-4ED2-8685-B109882B4397}.Release|Any CPU.Build.0 = Release|Any CPU
		{56490E76-F743-4FB8-B2A1-BC233C8E658C}.Debug|Any CPU.ActiveCfg = Debug|Any CPU
		{56490E76-F743-4FB8-B2A1-BC233C8E658C}.Debug|Any CPU.Build.0 = Debug|Any CPU
		{56490E76-F743-4FB8-B2A1-BC233C8E658C}.Release|Any CPU.ActiveCfg = Release|Any CPU
		{56490E76-F743-4FB8-B2A1-BC233C8E658C}.Release|Any CPU.Build.0 = Release|Any CPU
		{665FAAE0-AD41-412D-A776-5AAA9E8E3711}.Debug|Any CPU.ActiveCfg = Debug|Any CPU
		{665FAAE0-AD41-412D-A776-5AAA9E8E3711}.Debug|Any CPU.Build.0 = Debug|Any CPU
		{665FAAE0-AD41-412D-A776-5AAA9E8E3711}.Release|Any CPU.ActiveCfg = Release|Any CPU
		{665FAAE0-AD41-412D-A776-5AAA9E8E3711}.Release|Any CPU.Build.0 = Release|Any CPU
	EndGlobalSection
	GlobalSection(SolutionProperties) = preSolution
		HideSolutionNode = FALSE
	EndGlobalSection
	GlobalSection(ExtensibilityGlobals) = postSolution
		SolutionGuid = {1ACAE98C-249D-4970-B22F-103AE5EEE05C}
	EndGlobalSection
EndGlobal
